
Microsoft Visual Studio Solution File, Format Version 12.00
# Visual Studio Version 17
VisualStudioVersion = 17.5.33516.290
MinimumVisualStudioVersion = 10.0.40219.1
Project("{FAE04EC0-301F-11D3-BF4B-00C04F79EFBC}") = "PrimaApp", "PrimaApp\PrimaApp.csproj", "{5BF525FD-CD87-4C3F-BF2A-38F7D23CC2DA}"
EndProject
Global
	GlobalSection(SolutionConfigurationPlatforms) = preSolution
		Debug|Any CPU = Debug|Any CPU
		Release|Any CPU = Release|Any CPU
	EndGlobalSection
	GlobalSection(ProjectConfigurationPlatforms) = postSolution
		{5BF525FD-CD87-4C3F-BF2A-38F7D23CC2DA}.Debug|Any CPU.ActiveCfg = Debug|Any CPU
		{5BF525FD-CD87-4C3F-BF2A-38F7D23CC2DA}.Debug|Any CPU.Build.0 = Debug|Any CPU
		{5BF525FD-CD87-4C3F-BF2A-38F7D23CC2DA}.Release|Any CPU.ActiveCfg = Release|Any CPU
		{5BF525FD-CD87-4C3F-BF2A-38F7D23CC2DA}.Release|Any CPU.Build.0 = Release|Any CPU
	EndGlobalSection
	GlobalSection(SolutionProperties) = preSolution
		HideSolutionNode = FALSE
	EndGlobalSection
	GlobalSection(ExtensibilityGlobals) = postSolution
		SolutionGuid = {DFD8EB06-15D5-4BA7-A823-37110E190C49}
	EndGlobalSection
EndGlobal
